{
    "_meta": {
        "hash": {
            "sha256": "39b0fc8e0f82560207adea37b79f22661e0ec47728ed502079f0842fa9277a77"
        },
        "pipfile-spec": 6,
        "requires": {
            "python_version": "3.9"
        },
        "sources": [
            {
                "name": "pypi",
                "url": "https://pypi.org/simple",
                "verify_ssl": true
            }
        ]
    },
    "default": {
        "asgiref": {
            "hashes": [
                "sha256:1d2880b792ae8757289136f1db2b7b99100ce959b2aa57fd69dab783d05afac4",
                "sha256:4a29362a6acebe09bf1d6640db38c1dc3d9217c68e6f9f6204d72667fc19a424"
            ],
            "version": "==3.5.2"
        },
        "certifi": {
            "hashes": [
                "sha256:0d9c601124e5a6ba9712dbc60d9c53c21e34f5f641fe83002317394311bdce14",
                "sha256:90c1a32f1d68f940488354e36370f6cca89f0f106db09518524c88d6ed83f382"
            ],
            "markers": "python_version >= '3.6'",
            "version": "==2022.9.24"
        },
        "charset-normalizer": {
            "hashes": [
                "sha256:5a3d016c7c547f69d6f81fb0db9449ce888b418b5b9952cc5e6e66843e9dd845",
                "sha256:83e9a75d1911279afd89352c68b45348559d1fc0506b054b346651b5e7fee29f"
            ],
            "markers": "python_full_version >= '3.6.0'",
            "version": "==2.1.1"
        },
        "click": {
            "hashes": [
                "sha256:7682dc8afb30297001674575ea00d1814d808d6a36af415a82bd481d37ba7b8e",
                "sha256:bb4d8133cb15a609f44e8213d9b391b0809795062913b383c62be0ee95b1db48"
            ],
            "markers": "python_version >= '3.7'",
            "version": "==8.1.3"
        },
        "colorama": {
            "hashes": [
                "sha256:08695f5cb7ed6e0531a20572697297273c47b8cae5a63ffc6d6ed5c201be6e44",
                "sha256:4f1d9991f5acc0ca119f9d443620b77f9d6b33703e51011c16baf57afb285fc6"
            ],
            "markers": "platform_system == 'Windows'",
            "version": "==0.4.6"
        },
        "flask": {
            "extras": [
                "async"
            ],
            "hashes": [
                "sha256:642c450d19c4ad482f96729bd2a8f6d32554aa1e231f4f6b4e7e5264b16cca2b",
                "sha256:b9c46cc36662a7949f34b52d8ec7bb59c0d74ba08ba6cb9ce9adc1d8676d9526"
            ],
            "index": "pypi",
            "version": "==2.2.2"
        },
        "flask-cors": {
            "hashes": [
                "sha256:74efc975af1194fc7891ff5cd85b0f7478be4f7f59fe158102e91abb72bb4438",
                "sha256:b60839393f3b84a0f3746f6cdca56c1ad7426aa738b70d6c61375857823181de"
            ],
            "index": "pypi",
            "version": "==3.0.10"
        },
        "idna": {
            "hashes": [
                "sha256:814f528e8dead7d329833b91c5faa87d60bf71824cd12a7530b5526063d02cb4",
                "sha256:90b77e79eaa3eba6de819a0c442c0b4ceefc341a7a2ab77d7562bf49f425c5c2"
            ],
            "markers": "python_version >= '3.5'",
            "version": "==3.4"
        },
        "importlib-metadata": {
            "hashes": [
                "sha256:da31db32b304314d044d3c12c79bd59e307889b287ad12ff387b3500835fc2ab",
                "sha256:ddb0e35065e8938f867ed4928d0ae5bf2a53b7773871bfe6bcc7e4fcdc7dea43"
            ],
            "markers": "python_version < '3.10'",
            "version": "==5.0.0"
        },
        "itsdangerous": {
            "hashes": [
                "sha256:2c2349112351b88699d8d4b6b075022c0808887cb7ad10069318a8b0bc88db44",
                "sha256:5dbbc68b317e5e42f327f9021763545dc3fc3bfe22e6deb96aaf1fc38874156a"
            ],
            "markers": "python_version >= '3.7'",
            "version": "==2.1.2"
        },
        "jinja2": {
            "hashes": [
                "sha256:31351a702a408a9e7595a8fc6150fc3f43bb6bf7e319770cbc0db9df9437e852",
                "sha256:6088930bfe239f0e6710546ab9c19c9ef35e29792895fed6e6e31a023a182a61"
            ],
            "markers": "python_version >= '3.7'",
            "version": "==3.1.2"
        },
        "markupsafe": {
            "hashes": [
                "sha256:0212a68688482dc52b2d45013df70d169f542b7394fc744c02a57374a4207003",
                "sha256:089cf3dbf0cd6c100f02945abeb18484bd1ee57a079aefd52cffd17fba910b88",
                "sha256:10c1bfff05d95783da83491be968e8fe789263689c02724e0c691933c52994f5",
                "sha256:33b74d289bd2f5e527beadcaa3f401e0df0a89927c1559c8566c066fa4248ab7",
                "sha256:3799351e2336dc91ea70b034983ee71cf2f9533cdff7c14c90ea126bfd95d65a",
                "sha256:3ce11ee3f23f79dbd06fb3d63e2f6af7b12db1d46932fe7bd8afa259a5996603",
                "sha256:421be9fbf0ffe9ffd7a378aafebbf6f4602d564d34be190fc19a193232fd12b1",
                "sha256:43093fb83d8343aac0b1baa75516da6092f58f41200907ef92448ecab8825135",
                "sha256:46d00d6cfecdde84d40e572d63735ef81423ad31184100411e6e3388d405e247",
                "sha256:4a33dea2b688b3190ee12bd7cfa29d39c9ed176bda40bfa11099a3ce5d3a7ac6",
                "sha256:4b9fe39a2ccc108a4accc2676e77da025ce383c108593d65cc909add5c3bd601",
                "sha256:56442863ed2b06d19c37f94d999035e15ee982988920e12a5b4ba29b62ad1f77",
                "sha256:671cd1187ed5e62818414afe79ed29da836dde67166a9fac6d435873c44fdd02",
                "sha256:694deca8d702d5db21ec83983ce0bb4b26a578e71fbdbd4fdcd387daa90e4d5e",
                "sha256:6a074d34ee7a5ce3effbc526b7083ec9731bb3cbf921bbe1d3005d4d2bdb3a63",
                "sha256:6d0072fea50feec76a4c418096652f2c3238eaa014b2f94aeb1d56a66b41403f",
                "sha256:6fbf47b5d3728c6aea2abb0589b5d30459e369baa772e0f37a0320185e87c980",
                "sha256:7f91197cc9e48f989d12e4e6fbc46495c446636dfc81b9ccf50bb0ec74b91d4b",
                "sha256:86b1f75c4e7c2ac2ccdaec2b9022845dbb81880ca318bb7a0a01fbf7813e3812",
                "sha256:8dc1c72a69aa7e082593c4a203dcf94ddb74bb5c8a731e4e1eb68d031e8498ff",
                "sha256:8e3dcf21f367459434c18e71b2a9532d96547aef8a871872a5bd69a715c15f96",
                "sha256:8e576a51ad59e4bfaac456023a78f6b5e6e7651dcd383bcc3e18d06f9b55d6d1",
                "sha256:96e37a3dc86e80bf81758c152fe66dbf60ed5eca3d26305edf01892257049925",
                "sha256:97a68e6ada378df82bc9f16b800ab77cbf4b2fada0081794318520138c088e4a",
                "sha256:99a2a507ed3ac881b975a2976d59f38c19386d128e7a9a18b7df6fff1fd4c1d6",
                "sha256:a49907dd8420c5685cfa064a1335b6754b74541bbb3706c259c02ed65b644b3e",
                "sha256:b09bf97215625a311f669476f44b8b318b075847b49316d3e28c08e41a7a573f",
                "sha256:b7bd98b796e2b6553da7225aeb61f447f80a1ca64f41d83612e6139ca5213aa4",
                "sha256:b87db4360013327109564f0e591bd2a3b318547bcef31b468a92ee504d07ae4f",
                "sha256:bcb3ed405ed3222f9904899563d6fc492ff75cce56cba05e32eff40e6acbeaa3",
                "sha256:d4306c36ca495956b6d568d276ac11fdd9c30a36f1b6eb928070dc5360b22e1c",
                "sha256:d5ee4f386140395a2c818d149221149c54849dfcfcb9f1debfe07a8b8bd63f9a",
                "sha256:dda30ba7e87fbbb7eab1ec9f58678558fd9a6b8b853530e176eabd064da81417",
                "sha256:e04e26803c9c3851c931eac40c695602c6295b8d432cbe78609649ad9bd2da8a",
                "sha256:e1c0b87e09fa55a220f058d1d49d3fb8df88fbfab58558f1198e08c1e1de842a",
                "sha256:e72591e9ecd94d7feb70c1cbd7be7b3ebea3f548870aa91e2732960fa4d57a37",
                "sha256:e8c843bbcda3a2f1e3c2ab25913c80a3c5376cd00c6e8c4a86a89a28c8dc5452",
                "sha256:efc1913fd2ca4f334418481c7e595c00aad186563bbc1ec76067848c7ca0a933",
                "sha256:f121a1420d4e173a5d96e47e9a0c0dcff965afdf1626d28de1460815f7c4ee7a",
                "sha256:fc7b548b17d238737688817ab67deebb30e8073c95749d55538ed473130ec0c7"
            ],
            "markers": "python_version >= '3.7'",
            "version": "==2.1.1"
        },
        "pokebase": {
            "hashes": [
                "sha256:1fab389df211f22d0987e8aae45d0d19b5db7b3eb0c92dca48283f74e9df4f70",
                "sha256:a5881566bfaa6f9a860b847be0a648f23b02babdaf79ab96f6a6d0295b497c34"
            ],
            "index": "pypi",
            "version": "==1.3.0"
        },
        "psycopg": {
            "hashes": [
                "sha256:6874dbaba583cc6663437604bf45f7c244b5fd702f88af6211cd5a74e8ee3a8a",
                "sha256:aba61f12b11936cb25ec7bdf2d222d1ec36e4541ddc41f774ca763e0c50dd06f"
            ],
            "index": "pypi",
            "version": "==3.1.4"
        },
        "psycopg-binary": {
            "hashes": [
                "sha256:07b635712f7bd16161aa67c567340fb5f1cd03d8319b717627a2ce669710dd11",
                "sha256:0cd3af8b6cb8178c7220c2a7e1384d1065d613f564e84baebbd675531ee167d2",
                "sha256:0d772bfcd90eb3ed0938f499b9f851b39da0a167067920852ccda4a94b3968c6",
                "sha256:135411321c7d4afb86186469ee5f94e015dea528e928d5facc3f56fd0708930a",
                "sha256:180b0a044133f58e4762804121e2230af048f627ef93def47536db4f7f2f3deb",
                "sha256:18173b050fb0ef7753a9ebf9f8e3092af63baa294e1dc0b1210921117770f75f",
                "sha256:1dac09b3e12b56c0eb28b77a07c8d8f4b04d72b4055c543c47fd9f589261c40f",
                "sha256:206cdad5c0a3418a68a374eeb73103ecc84de845e8ad2ff05eb8e4d7229e215a",
                "sha256:23adcfe0fb690dbefdb38a8c5acec446a43ba8185075c415d9d99a2922b454b0",
                "sha256:27d0e92e76e3ce05fde831399b916274b2086f93cc1e417fd44889e73667083b",
                "sha256:2aa0030420191291e892d20d0bd28bc70bc296a1a0b43ec588bb729d336df6cf",
                "sha256:33dca0656a17792d9335f079d743452c50f0b21173d2132c33ffd89a03be2912",
                "sha256:3be3e13394f355369506070ee0d051aa384cf1ce95756dc566fda641eee35366",
                "sha256:3d361406c95b248f58820d16d4ad2ca2822e035f24b8f1c5c8383a92ea53e75e",
                "sha256:3f34a754febf4e4d1031b359cd715bc2e7bb9525537addf185f4487e66bc408e",
                "sha256:40f1ed126d0c07cf8357bf1494eb0ad50c68e7ce056c1b336ce4e97b5ec6fd13",
                "sha256:44e562dcf76b9dfc3b4ad6db0fca8d1e118c80da0ebb1446e7e9cf449b02f8b5",
                "sha256:4526e5e5ae816a4dd91c38d8806531fd25cc194cb0e3013cefc5cb5527d121d8",
                "sha256:47941112391b35ecf4647476d81da21b929a6b2884eb4935560ec3e952b963d8",
                "sha256:4a8958e44615e104b2b613792b0dcbc82cdc26cd9e2544f97c12c3b6b59b509f",
                "sha256:4a9ef8af564d5126433c2d3c0913d2084f49ace343bb9a8f8a34a1a97f77cdd0",
                "sha256:556b51a3fbe23da73fdb5e395c10a8bab1ff0cff0c79c8d976e9bb251eae4099",
                "sha256:585ccdfae2e22d031bd77b5f481c23d7246dcb75bb9acd04ab1cfb0a4bfca4d4",
                "sha256:5ab1fab06d93a7e4393385fa26f9ab4fe00ad0f32cc817eb5f11e73f9b05b5c7",
                "sha256:61d51110153230c6c4cfd45facde82ffa5f3a83bf72564b06d761bd66a3e31d6",
                "sha256:6359525bf22fa148ba56d34f16d9ddbfb932fbfe3ed02f734c32c4acf12397db",
                "sha256:640acbb2ab8272bc44a2f182dfd93fe5d7b23bb134d97bcb23167d8fc2c26310",
                "sha256:643680dff3bb3eba56bd82269a9d1af609287607375e921091dc790854ed4c53",
                "sha256:6540c339cf19cd4ce5d436b85fb7efd06712a53f2612f17b86789bb311f72fda",
                "sha256:685495ceb7e04f0e8a4f0834810e9e8d8febc78101c70b468ba0c3292a05176b",
                "sha256:70afeb6157bf55d58f22b0b8ef517ca5c62c965a78c5555ec585fc0b8cf5077b",
                "sha256:84d85271cdfec03110bfdf6528fed3a3a0d487187127fd3d11721db575f92364",
                "sha256:86bf10ed317523a88f361a8d9543bf4459ed93d5af7acc7b534b5c37f1ea1929",
                "sha256:8c59042f1b40cfbb004a22cf66285f12207e83a3578285ebd145e341cb2b6d46",
                "sha256:90e1b3514b0ed8bf07f3a7072f1a85c61eaf483c7385a0669d51044c6cd500e5",
                "sha256:95e071377a2e976f4ab1dee83df4c6c38b38f2b49f7066075b2cddb061f6fb0c",
                "sha256:98a215c5f61456dd3d64f0e128231601ad8d9e5e3c375459cfb00a2436442ec6",
                "sha256:9a716ee67f11922d3a6f6eee9c3f4e26853cf1fd2da0808c84f1eeb2b2783e69",
                "sha256:a8db1d739456706765d93b0a0d6c6c7d355408c13db1d947918bdc821f1322ce",
                "sha256:aab0cce0034323bebdc120cd3ab1270cb6dc6cf27b1a6a52100e4ecf787ff0b6",
                "sha256:b11f52e306dad28c3d15f27b9064c98de09e2fecb7378164babd4a0ce9dc5505",
                "sha256:b3a61a05196a2e9419c3c025e33e91fea0e94087850d8d130ae98a08257a1401",
                "sha256:b4bd08b809825baa45870412a17dd947f51353bbf61ae5bfde652843d8b8bed8",
                "sha256:b4d2660cb4eb082216853a923118a27dfc968c7b0716854fd31a3bee9e0385be",
                "sha256:b96b98651fba3e2635799801ae388af81c3c4ac5111eca24eae09d19d48f33a3",
                "sha256:bab49d2e5bfd8903dbba33adc5fa50000103bbcf04c6b8186f993c6173935569",
                "sha256:c3d980f582654d7e07fa67f747b855c84957ad2ab9d911d5e90a1a2a5e79a129",
                "sha256:cd9b90d56000b62f16d202a755bed9ac36b3a2c7b853bad19c702250ccbbf2ea",
                "sha256:d59066c73aa23fb2962aa071d3ec2acf8f67a6f64557d0064d88337ef7c8f718",
                "sha256:d7049e48d75be4319193ca48db019d82c929cb8e59ba3cd09efc11992eac0a5e",
                "sha256:d9711efb01b23b0dc66178358c5ed3da479facdedecbfb55294505c6da99c942",
                "sha256:e478ef5ea7b21b1383132001ff8a6a0776d2b43a12e8d4a7b77e2f510c994c65",
                "sha256:e63bbbd49943830cb3e06f8eb36e0b91613cd397eeb2a171b46a663900cc1f8f",
                "sha256:e91ef5ffaa5d279d4c8ac1c0ad435a5aa07db7fb159f9de69532abcfb8475d73"
            ],
            "version": "==3.1.4"
        },
        "python-dotenv": {
            "hashes": [
                "sha256:1684eb44636dd462b66c3ee016599815514527ad99965de77f43e0944634a7e5",
                "sha256:b77d08274639e3d34145dfa6c7008e66df0f04b7be7a75fd0d5292c191d79045"
            ],
            "index": "pypi",
            "version": "==0.21.0"
        },
        "requests": {
            "hashes": [
                "sha256:7c5599b102feddaa661c826c56ab4fee28bfd17f5abca1ebbe3e7f19d7c97983",
                "sha256:8fefa2a1a1365bf5520aac41836fbee479da67864514bdb821f31ce07ce65349"
            ],
            "markers": "python_version >= '3.7' and python_version < '4'",
            "version": "==2.28.1"
        },
        "six": {
            "hashes": [
                "sha256:1e61c37477a1626458e36f7b1d82aa5c9b094fa4802892072e49de9c60c4c926",
                "sha256:8abb2f1d86890a2dfb989f9a77cfcfd3e47c2a354b01111771326f8aa26e0254"
            ],
            "markers": "python_version >= '2.7' and python_version not in '3.0, 3.1, 3.2, 3.3'",
            "version": "==1.16.0"
        },
        "typing-extensions": {
            "hashes": [
                "sha256:1511434bb92bf8dd198c12b1cc812e800d4181cfcb867674e0f8279cc93087aa",
                "sha256:16fa4864408f655d35ec496218b85f79b3437c829e93320c7c9215ccfd92489e"
            ],
            "markers": "python_version < '3.11'",
            "version": "==4.4.0"
        },
        "tzdata": {
            "hashes": [
                "sha256:04a680bdc5b15750c39c12a448885a51134a27ec9af83667663f0b3a1bf3f342",
                "sha256:91f11db4503385928c15598c98573e3af07e7229181bee5375bd30f1695ddcae"
            ],
            "markers": "sys_platform == 'win32'",
            "version": "==2022.6"
        },
        "urllib3": {
            "hashes": [
                "sha256:3fa96cf423e6987997fc326ae8df396db2a8b7c667747d47ddd8ecba91f4a74e",
                "sha256:b930dd878d5a8afb066a637fbb35144fe7901e3b209d1cd4f524bd0e9deee997"
            ],
            "markers": "python_version >= '2.7' and python_version not in '3.0, 3.1, 3.2, 3.3, 3.4, 3.5' and python_version < '4'",
            "version": "==1.26.12"
        },
        "werkzeug": {
            "hashes": [
                "sha256:7ea2d48322cc7c0f8b3a215ed73eabd7b5d75d0b50e31ab006286ccff9e00b8f",
                "sha256:f979ab81f58d7318e064e99c4506445d60135ac5cd2e177a2de0089bfd4c9bd5"
            ],
            "markers": "python_version >= '3.7'",
            "version": "==2.2.2"
        },
        "zipp": {
            "hashes": [
                "sha256:4fcb6f278987a6605757302a6e40e896257570d11c51628968ccb2a47e80c6c1",
                "sha256:7a7262fd930bd3e36c50b9a64897aec3fafff3dfdeec9623ae22b40e93f99bb8"
            ],
            "markers": "python_version >= '3.7'",
            "version": "==3.10.0"
        }
    },
    "develop": {}
}
